PODS:
  - IQKeyboardManagerSwift (6.2.0)
  - Kingfisher (4.10.1)
  - TagListView (1.3.2)

DEPENDENCIES:
  - IQKeyboardManagerSwift
  - Kingfisher (~> 4.0)
  - TagListView (~> 1.0)

SPEC REPOS:
  https://github.com/cocoapods/specs.git:
    - IQKeyboardManagerSwift
    - Kingfisher
    - TagListView

SPEC CHECKSUMS:
  IQKeyboardManagerSwift: b07ccf9d8cafe993dcd6cb794eb4ba34611a0c4e
  Kingfisher: c148cd7b47ebde9989f6bc7c27dcaa79d81279a0
  TagListView: 0c7e9c26b9aff858224ee6b155f5fcacd9e27c83

PODFILE CHECKSUM: 027bcb956d2747434daec6b37e4f61685113a8e3

COCOAPODS: 1.5.2
